<?xml version="1.0" encoding="utf-8"?>
<Project ToolsVersion="17.0" xmlns="http://schemas.microsoft.com/developer/msbuild/2003">
  <ItemGroup>
    <ClCompile Include="C:\Users\Constantin\Desktop\stream\WFlowLab\Contor\contor_autogen\mocs_compilation_Debug.cpp">
      <Filter>Source Files</Filter>
    </ClCompile>
    <ClCompile Include="C:\Users\Constantin\Desktop\stream\WFlowLab\Contor\main.cpp">
      <Filter>Source Files</Filter>
    </ClCompile>
    <ClCompile Include="C:\Users\Constantin\Desktop\stream\WFlowLab\Contor\mainwindow.cpp">
      <Filter>Source Files</Filter>
    </ClCompile>
    <ClCompile Include="C:\Users\Constantin\Desktop\stream\WFlowLab\Contor\dialog.cpp">
      <Filter>Source Files</Filter>
    </ClCompile>
    <ClCompile Include="C:\Users\Constantin\Desktop\stream\WFlowLab\Contor\air-density.cpp">
      <Filter>Source Files</Filter>
    </ClCompile>
    <ClCompile Include="C:\Users\Constantin\Desktop\stream\WFlowLab\Contor\md5.cpp">
      <Filter>Source Files</Filter>
    </ClCompile>
    <ClCompile Include="C:\Users\Constantin\Desktop\stream\WFlowLab\Contor\licence.cpp">
      <Filter>Source Files</Filter>
    </ClCompile>
    <ClCompile Include="C:\Users\Constantin\Desktop\stream\WFlowLab\Contor\helpabout.cpp">
      <Filter>Source Files</Filter>
    </ClCompile>
    <ClCompile Include="C:\Users\Constantin\Desktop\stream\WFlowLab\Contor\contor_autogen\EWIEGA46WW\qrc_resourcescontor.cpp">
      <Filter>Source Files</Filter>
    </ClCompile>
    <ClCompile Include="C:\Users\Constantin\Desktop\stream\WFlowLab\Contor\contor_autogen\mocs_compilation_Release.cpp">
      <Filter>Source Files</Filter>
    </ClCompile>
    <ClCompile Include="C:\Users\Constantin\Desktop\stream\WFlowLab\Contor\contor_autogen\mocs_compilation_MinSizeRel.cpp">
      <Filter>Source Files</Filter>
    </ClCompile>
    <ClCompile Include="C:\Users\Constantin\Desktop\stream\WFlowLab\Contor\contor_autogen\mocs_compilation_RelWithDebInfo.cpp">
      <Filter>Source Files</Filter>
    </ClCompile>
  </ItemGroup>
  <ItemGroup>
    <ClInclude Include="C:\Users\Constantin\Desktop\stream\WFlowLab\Contor\mainwindow.h">
      <Filter>Header Files</Filter>
    </ClInclude>
    <ClInclude Include="C:\Users\Constantin\Desktop\stream\WFlowLab\Contor\dialog.h">
      <Filter>Header Files</Filter>
    </ClInclude>
    <ClInclude Include="C:\Users\Constantin\Desktop\stream\WFlowLab\Contor\flow-meter-type.h">
      <Filter>Header Files</Filter>
    </ClInclude>
    <ClInclude Include="C:\Users\Constantin\Desktop\stream\WFlowLab\Contor\air-density.h">
      <Filter>Header Files</Filter>
    </ClInclude>
    <ClInclude Include="C:\Users\Constantin\Desktop\stream\WFlowLab\Contor\md5.h">
      <Filter>Header Files</Filter>
    </ClInclude>
    <ClInclude Include="C:\Users\Constantin\Desktop\stream\WFlowLab\Contor\licence.h">
      <Filter>Header Files</Filter>
    </ClInclude>
    <ClInclude Include="C:\Users\Constantin\Desktop\stream\WFlowLab\Contor\helpabout.h">
      <Filter>Header Files</Filter>
    </ClInclude>
    <ClInclude Include="C:\Users\Constantin\Desktop\stream\WFlowLab\Contor\contor_autogen\include_Debug\ui_mainwindow.h">
      <Filter>Header Files</Filter>
    </ClInclude>
    <ClInclude Include="C:\Users\Constantin\Desktop\stream\WFlowLab\Contor\contor_autogen\include_Debug\ui_dialog.h">
      <Filter>Header Files</Filter>
    </ClInclude>
    <ClInclude Include="C:\Users\Constantin\Desktop\stream\WFlowLab\Contor\contor_autogen\include_Debug\ui_licence.h">
      <Filter>Header Files</Filter>
    </ClInclude>
    <ClInclude Include="C:\Users\Constantin\Desktop\stream\WFlowLab\Contor\contor_autogen\include_Debug\ui_helpabout.h">
      <Filter>Header Files</Filter>
    </ClInclude>
    <ClInclude Include="C:\Users\Constantin\Desktop\stream\WFlowLab\Contor\contor_autogen\include_Release\ui_mainwindow.h">
      <Filter>Header Files</Filter>
    </ClInclude>
    <ClInclude Include="C:\Users\Constantin\Desktop\stream\WFlowLab\Contor\contor_autogen\include_Release\ui_dialog.h">
      <Filter>Header Files</Filter>
    </ClInclude>
    <ClInclude Include="C:\Users\Constantin\Desktop\stream\WFlowLab\Contor\contor_autogen\include_Release\ui_licence.h">
      <Filter>Header Files</Filter>
    </ClInclude>
    <ClInclude Include="C:\Users\Constantin\Desktop\stream\WFlowLab\Contor\contor_autogen\include_Release\ui_helpabout.h">
      <Filter>Header Files</Filter>
    </ClInclude>
    <ClInclude Include="C:\Users\Constantin\Desktop\stream\WFlowLab\Contor\contor_autogen\include_MinSizeRel\ui_mainwindow.h">
      <Filter>Header Files</Filter>
    </ClInclude>
    <ClInclude Include="C:\Users\Constantin\Desktop\stream\WFlowLab\Contor\contor_autogen\include_MinSizeRel\ui_dialog.h">
      <Filter>Header Files</Filter>
    </ClInclude>
    <ClInclude Include="C:\Users\Constantin\Desktop\stream\WFlowLab\Contor\contor_autogen\include_MinSizeRel\ui_licence.h">
      <Filter>Header Files</Filter>
    </ClInclude>
    <ClInclude Include="C:\Users\Constantin\Desktop\stream\WFlowLab\Contor\contor_autogen\include_MinSizeRel\ui_helpabout.h">
      <Filter>Header Files</Filter>
    </ClInclude>
    <ClInclude Include="C:\Users\Constantin\Desktop\stream\WFlowLab\Contor\contor_autogen\include_RelWithDebInfo\ui_mainwindow.h">
      <Filter>Header Files</Filter>
    </ClInclude>
    <ClInclude Include="C:\Users\Constantin\Desktop\stream\WFlowLab\Contor\contor_autogen\include_RelWithDebInfo\ui_dialog.h">
      <Filter>Header Files</Filter>
    </ClInclude>
    <ClInclude Include="C:\Users\Constantin\Desktop\stream\WFlowLab\Contor\contor_autogen\include_RelWithDebInfo\ui_licence.h">
      <Filter>Header Files</Filter>
    </ClInclude>
    <ClInclude Include="C:\Users\Constantin\Desktop\stream\WFlowLab\Contor\contor_autogen\include_RelWithDebInfo\ui_helpabout.h">
      <Filter>Header Files</Filter>
    </ClInclude>
  </ItemGroup>
  <ItemGroup>
    <CustomBuild Include="C:\Users\Constantin\Desktop\stream\WFlowLab\Contor\CMakeFiles\7ee98267b77ddedb95c3e25056edf579\autouic_(CONFIG).stamp.rule">
      <Filter>CMake Rules</Filter>
    </CustomBuild>
    <CustomBuild Include="C:\Users\Constantin\Desktop\stream\WFlowLab\Contor\CMakeFiles\31d85abac824f9ad7aad8d36775fa9d8\qrc_resourcescontor.cpp.rule">
      <Filter>CMake Rules</Filter>
    </CustomBuild>
    <CustomBuild Include="C:\Users\Constantin\Desktop\stream\WFlowLab\Contor\CMakeLists.txt" />
  </ItemGroup>
  <ItemGroup>
    <None Include="C:\Users\Constantin\Desktop\stream\WFlowLab\Contor\mainwindow.ui" />
    <None Include="C:\Users\Constantin\Desktop\stream\WFlowLab\Contor\dialog.ui" />
    <None Include="C:\Users\Constantin\Desktop\stream\WFlowLab\Contor\licence.ui" />
    <None Include="C:\Users\Constantin\Desktop\stream\WFlowLab\Contor\helpabout.ui" />
    <None Include="C:\Users\Constantin\Desktop\stream\WFlowLab\Contor\resourcescontor.qrc" />
    <None Include="C:\Users\Constantin\Desktop\stream\WFlowLab\Contor\contor_autogen\autouic_Debug.stamp" />
    <None Include="C:\Users\Constantin\Desktop\stream\WFlowLab\Contor\contor_autogen\autouic_Release.stamp" />
    <None Include="C:\Users\Constantin\Desktop\stream\WFlowLab\Contor\contor_autogen\autouic_MinSizeRel.stamp" />
    <None Include="C:\Users\Constantin\Desktop\stream\WFlowLab\Contor\contor_autogen\autouic_RelWithDebInfo.stamp" />
  </ItemGroup>
  <ItemGroup>
    <Filter Include="CMake Rules">
      <UniqueIdentifier>{EBED95BA-303E-3CDC-BAFD-95EDBFA1CE6C}</UniqueIdentifier>
    </Filter>
    <Filter Include="Header Files">
      <UniqueIdentifier>{1CC01F0C-3D44-3F50-A2A4-DA1042D7E298}</UniqueIdentifier>
    </Filter>
    <Filter Include="Source Files">
      <UniqueIdentifier>{887C6D42-EE1B-37CE-AC8F-C85222DE1C76}</UniqueIdentifier>
    </Filter>
  </ItemGroup>
</Project>
