
Microsoft Visual Studio Solution File, Format Version 12.00
# Visual Studio Version 17
Project("{8BC9CEB8-8B4A-11D0-8D11-00A0C91BC942}") = "ALL_BUILD", "ALL_BUILD.vcxproj", "{81087F42-FE18-3DAF-8BBE-8A0639122ECA}"
	ProjectSection(ProjectDependencies) = postProject
		{CE0077A9-5F32-3223-8A6D-E46769604007} = {CE0077A9-5F32-3223-8A6D-E46769604007}
		{24EAA4D8-5238-3A5E-8DA6-805C7C281CCB} = {24EAA4D8-5238-3A5E-8DA6-805C7C281CCB}
	EndProjectSection
EndProject
Project("{8BC9CEB8-8B4A-11D0-8D11-00A0C91BC942}") = "INSTALL", "INSTALL.vcxproj", "{A1AA851A-F3C4-30C4-A309-6AB8F12A3028}"
	ProjectSection(ProjectDependencies) = postProject
		{81087F42-FE18-3DAF-8BBE-8A0639122ECA} = {81087F42-FE18-3DAF-8BBE-8A0639122ECA}
		{CE0077A9-5F32-3223-8A6D-E46769604007} = {CE0077A9-5F32-3223-8A6D-E46769604007}
	EndProjectSection
EndProject
Project("{8BC9CEB8-8B4A-11D0-8D11-00A0C91BC942}") = "ZERO_CHECK", "ZERO_CHECK.vcxproj", "{CE0077A9-5F32-3223-8A6D-E46769604007}"
	ProjectSection(ProjectDependencies) = postProject
	EndProjectSection
EndProject
Project("{8BC9CEB8-8B4A-11D0-8D11-00A0C91BC942}") = "contor", "contor.vcxproj", "{24EAA4D8-5238-3A5E-8DA6-805C7C281CCB}"
	ProjectSection(ProjectDependencies) = postProject
		{CE0077A9-5F32-3223-8A6D-E46769604007} = {CE0077A9-5F32-3223-8A6D-E46769604007}
	EndProjectSection
EndProject
Project("{8BC9CEB8-8B4A-11D0-8D11-00A0C91BC942}") = "contor_lupdate", "contor_lupdate.vcxproj", "{B1352511-876E-3D11-993B-ABDF11B9894E}"
	ProjectSection(ProjectDependencies) = postProject
		{CE0077A9-5F32-3223-8A6D-E46769604007} = {CE0077A9-5F32-3223-8A6D-E46769604007}
	EndProjectSection
EndProject
Project("{8BC9CEB8-8B4A-11D0-8D11-00A0C91BC942}") = "update_translations", "update_translations.vcxproj", "{FF049C22-4418-3590-82B4-D5012793D2C1}"
	ProjectSection(ProjectDependencies) = postProject
		{CE0077A9-5F32-3223-8A6D-E46769604007} = {CE0077A9-5F32-3223-8A6D-E46769604007}
		{B1352511-876E-3D11-993B-ABDF11B9894E} = {B1352511-876E-3D11-993B-ABDF11B9894E}
	EndProjectSection
EndProject
Global
	GlobalSection(SolutionConfigurationPlatforms) = preSolution
		Debug|x64 = Debug|x64
		Release|x64 = Release|x64
		MinSizeRel|x64 = MinSizeRel|x64
		RelWithDebInfo|x64 = RelWithDebInfo|x64
	EndGlobalSection
	GlobalSection(ProjectConfigurationPlatforms) = postSolution
		{81087F42-FE18-3DAF-8BBE-8A0639122ECA}.Debug|x64.ActiveCfg = Debug|x64
		{81087F42-FE18-3DAF-8BBE-8A0639122ECA}.Debug|x64.Build.0 = Debug|x64
		{81087F42-FE18-3DAF-8BBE-8A0639122ECA}.Release|x64.ActiveCfg = Release|x64
		{81087F42-FE18-3DAF-8BBE-8A0639122ECA}.Release|x64.Build.0 = Release|x64
		{81087F42-FE18-3DAF-8BBE-8A0639122ECA}.MinSizeRel|x64.ActiveCfg = MinSizeRel|x64
		{81087F42-FE18-3DAF-8BBE-8A0639122ECA}.MinSizeRel|x64.Build.0 = MinSizeRel|x64
		{81087F42-FE18-3DAF-8BBE-8A0639122ECA}.RelWithDebInfo|x64.ActiveCfg = RelWithDebInfo|x64
		{81087F42-FE18-3DAF-8BBE-8A0639122ECA}.RelWithDebInfo|x64.Build.0 = RelWithDebInfo|x64
		{A1AA851A-F3C4-30C4-A309-6AB8F12A3028}.Debug|x64.ActiveCfg = Debug|x64
		{A1AA851A-F3C4-30C4-A309-6AB8F12A3028}.Release|x64.ActiveCfg = Release|x64
		{A1AA851A-F3C4-30C4-A309-6AB8F12A3028}.MinSizeRel|x64.ActiveCfg = MinSizeRel|x64
		{A1AA851A-F3C4-30C4-A309-6AB8F12A3028}.RelWithDebInfo|x64.ActiveCfg = RelWithDebInfo|x64
		{CE0077A9-5F32-3223-8A6D-E46769604007}.Debug|x64.ActiveCfg = Debug|x64
		{CE0077A9-5F32-3223-8A6D-E46769604007}.Debug|x64.Build.0 = Debug|x64
		{CE0077A9-5F32-3223-8A6D-E46769604007}.Release|x64.ActiveCfg = Release|x64
		{CE0077A9-5F32-3223-8A6D-E46769604007}.Release|x64.Build.0 = Release|x64
		{CE0077A9-5F32-3223-8A6D-E46769604007}.MinSizeRel|x64.ActiveCfg = MinSizeRel|x64
		{CE0077A9-5F32-3223-8A6D-E46769604007}.MinSizeRel|x64.Build.0 = MinSizeRel|x64
		{CE0077A9-5F32-3223-8A6D-E46769604007}.RelWithDebInfo|x64.ActiveCfg = RelWithDebInfo|x64
		{CE0077A9-5F32-3223-8A6D-E46769604007}.RelWithDebInfo|x64.Build.0 = RelWithDebInfo|x64
		{24EAA4D8-5238-3A5E-8DA6-805C7C281CCB}.Debug|x64.ActiveCfg = Debug|x64
		{24EAA4D8-5238-3A5E-8DA6-805C7C281CCB}.Debug|x64.Build.0 = Debug|x64
		{24EAA4D8-5238-3A5E-8DA6-805C7C281CCB}.Release|x64.ActiveCfg = Release|x64
		{24EAA4D8-5238-3A5E-8DA6-805C7C281CCB}.Release|x64.Build.0 = Release|x64
		{24EAA4D8-5238-3A5E-8DA6-805C7C281CCB}.MinSizeRel|x64.ActiveCfg = MinSizeRel|x64
		{24EAA4D8-5238-3A5E-8DA6-805C7C281CCB}.MinSizeRel|x64.Build.0 = MinSizeRel|x64
		{24EAA4D8-5238-3A5E-8DA6-805C7C281CCB}.RelWithDebInfo|x64.ActiveCfg = RelWithDebInfo|x64
		{24EAA4D8-5238-3A5E-8DA6-805C7C281CCB}.RelWithDebInfo|x64.Build.0 = RelWithDebInfo|x64
		{B1352511-876E-3D11-993B-ABDF11B9894E}.Debug|x64.ActiveCfg = Debug|x64
		{B1352511-876E-3D11-993B-ABDF11B9894E}.Debug|x64.Build.0 = Debug|x64
		{B1352511-876E-3D11-993B-ABDF11B9894E}.Release|x64.ActiveCfg = Release|x64
		{B1352511-876E-3D11-993B-ABDF11B9894E}.Release|x64.Build.0 = Release|x64
		{B1352511-876E-3D11-993B-ABDF11B9894E}.MinSizeRel|x64.ActiveCfg = MinSizeRel|x64
		{B1352511-876E-3D11-993B-ABDF11B9894E}.MinSizeRel|x64.Build.0 = MinSizeRel|x64
		{B1352511-876E-3D11-993B-ABDF11B9894E}.RelWithDebInfo|x64.ActiveCfg = RelWithDebInfo|x64
		{B1352511-876E-3D11-993B-ABDF11B9894E}.RelWithDebInfo|x64.Build.0 = RelWithDebInfo|x64
		{FF049C22-4418-3590-82B4-D5012793D2C1}.Debug|x64.ActiveCfg = Debug|x64
		{FF049C22-4418-3590-82B4-D5012793D2C1}.Release|x64.ActiveCfg = Release|x64
		{FF049C22-4418-3590-82B4-D5012793D2C1}.MinSizeRel|x64.ActiveCfg = MinSizeRel|x64
		{FF049C22-4418-3590-82B4-D5012793D2C1}.RelWithDebInfo|x64.ActiveCfg = RelWithDebInfo|x64
	EndGlobalSection
	GlobalSection(ExtensibilityGlobals) = postSolution
		SolutionGuid = {F4FEABC7-D298-37B5-B970-53E595F2E5E6}
	EndGlobalSection
	GlobalSection(ExtensibilityAddIns) = postSolution
	EndGlobalSection
EndGlobal
