<?xml version="1.0" encoding="utf-8"?>
<Project ToolsVersion="17.0" xmlns="http://schemas.microsoft.com/developer/msbuild/2003">
  <ItemGroup>
    <CustomBuild Include="C:\Users\Constantin\Desktop\stream\WFlowLab\Contor\CMakeFiles\2b8da65f9eaddfb65adb43138c5930ba\generate.stamp.rule">
      <Filter>CMake Rules</Filter>
    </CustomBuild>
  </ItemGroup>
  <ItemGroup>
    <Filter Include="CMake Rules">
      <UniqueIdentifier>{EBED95BA-303E-3CDC-BAFD-95EDBFA1CE6C}</UniqueIdentifier>
    </Filter>
  </ItemGroup>
</Project>
